
Microsoft Visual Studio Solution File, Format Version 12.00
# Visual Studio 14
VisualStudioVersion = 14.0.25420.1
MinimumVisualStudioVersion = 10.0.40219.1
Project("{FAE04EC0-301F-11D3-BF4B-00C04F79EFBC}") = "Quiz.Web", "Quiz.Web\Quiz.Web.csproj", "{CCAB4D04-9F0B-4FCF-AD01-2DF66AA10A99}"
EndProject
Global
	GlobalSection(SolutionConfigurationPlatforms) = preSolution
		Debug|Any CPU = Debug|Any CPU
		Release|Any CPU = Release|Any CPU
	EndGlobalSection
	GlobalSection(ProjectConfigurationPlatforms) = postSolution
		{CCAB4D04-9F0B-4FCF-AD01-2DF66AA10A99}.Debug|Any CPU.ActiveCfg = Debug|Any CPU
		{CCAB4D04-9F0B-4FCF-AD01-2DF66AA10A99}.Debug|Any CPU.Build.0 = Debug|Any CPU
		{CCAB4D04-9F0B-4FCF-AD01-2DF66AA10A99}.Release|Any CPU.ActiveCfg = Release|Any CPU
		{CCAB4D04-9F0B-4FCF-AD01-2DF66AA10A99}.Release|Any CPU.Build.0 = Release|Any CPU
	EndGlobalSection
	GlobalSection(SolutionProperties) = preSolution
		HideSolutionNode = FALSE
	EndGlobalSection
EndGlobal
