
Microsoft Visual Studio Solution File, Format Version 12.00
# Visual Studio 14
VisualStudioVersion = 14.0.25420.1
MinimumVisualStudioVersion = 10.0.40219.1
Project("{FAE04EC0-301F-11D3-BF4B-00C04F79EFBC}") = "Quiz.Web", "Quiz.Web\Quiz.Web.csproj", "{CCAB4D04-9F0B-4FCF-AD01-2DF66AA10A99}"
EndProject
Project("{FAE04EC0-301F-11D3-BF4B-00C04F79EFBC}") = "Quiz.DataAccess", "Quiz.DataAccess\Quiz.DataAccess.csproj", "{1F2A31E3-15C3-4B35-B676-3DAFB308A85A}"
EndProject
Project("{FAE04EC0-301F-11D3-BF4B-00C04F79EFBC}") = "Quiz.Core", "QuizApp.Core\Quiz.Core.csproj", "{2DBAB805-E02D-495A-B8EF-4356AF285E60}"
EndProject
Project("{FAE04EC0-301F-11D3-BF4B-00C04F79EFBC}") = "Quiz.DataAccess.Abstractions", "Quiz.DataAccess.Abstractions\Quiz.DataAccess.Abstractions.csproj", "{C4F71F86-894C-45DF-9E2C-F334B09C2098}"
EndProject
Project("{FAE04EC0-301F-11D3-BF4B-00C04F79EFBC}") = "Quiz.DataAccess.Ef", "Quiz.DataAccess.Ef\Quiz.DataAccess.Ef.csproj", "{6E2263E6-BA61-41A3-A869-8C0ADF15BD81}"
EndProject
Global
	GlobalSection(SolutionConfigurationPlatforms) = preSolution
		Debug|Any CPU = Debug|Any CPU
		Release|Any CPU = Release|Any CPU
	EndGlobalSection
	GlobalSection(ProjectConfigurationPlatforms) = postSolution
		{CCAB4D04-9F0B-4FCF-AD01-2DF66AA10A99}.Debug|Any CPU.ActiveCfg = Debug|Any CPU
		{CCAB4D04-9F0B-4FCF-AD01-2DF66AA10A99}.Debug|Any CPU.Build.0 = Debug|Any CPU
		{CCAB4D04-9F0B-4FCF-AD01-2DF66AA10A99}.Release|Any CPU.ActiveCfg = Release|Any CPU
		{CCAB4D04-9F0B-4FCF-AD01-2DF66AA10A99}.Release|Any CPU.Build.0 = Release|Any CPU
		{1F2A31E3-15C3-4B35-B676-3DAFB308A85A}.Debug|Any CPU.ActiveCfg = Debug|Any CPU
		{1F2A31E3-15C3-4B35-B676-3DAFB308A85A}.Debug|Any CPU.Build.0 = Debug|Any CPU
		{1F2A31E3-15C3-4B35-B676-3DAFB308A85A}.Release|Any CPU.ActiveCfg = Release|Any CPU
		{1F2A31E3-15C3-4B35-B676-3DAFB308A85A}.Release|Any CPU.Build.0 = Release|Any CPU
		{2DBAB805-E02D-495A-B8EF-4356AF285E60}.Debug|Any CPU.ActiveCfg = Debug|Any CPU
		{2DBAB805-E02D-495A-B8EF-4356AF285E60}.Debug|Any CPU.Build.0 = Debug|Any CPU
		{2DBAB805-E02D-495A-B8EF-4356AF285E60}.Release|Any CPU.ActiveCfg = Release|Any CPU
		{2DBAB805-E02D-495A-B8EF-4356AF285E60}.Release|Any CPU.Build.0 = Release|Any CPU
		{C4F71F86-894C-45DF-9E2C-F334B09C2098}.Debug|Any CPU.ActiveCfg = Debug|Any CPU
		{C4F71F86-894C-45DF-9E2C-F334B09C2098}.Debug|Any CPU.Build.0 = Debug|Any CPU
		{C4F71F86-894C-45DF-9E2C-F334B09C2098}.Release|Any CPU.ActiveCfg = Release|Any CPU
		{C4F71F86-894C-45DF-9E2C-F334B09C2098}.Release|Any CPU.Build.0 = Release|Any CPU
		{6E2263E6-BA61-41A3-A869-8C0ADF15BD81}.Debug|Any CPU.ActiveCfg = Debug|Any CPU
		{6E2263E6-BA61-41A3-A869-8C0ADF15BD81}.Debug|Any CPU.Build.0 = Debug|Any CPU
		{6E2263E6-BA61-41A3-A869-8C0ADF15BD81}.Release|Any CPU.ActiveCfg = Release|Any CPU
		{6E2263E6-BA61-41A3-A869-8C0ADF15BD81}.Release|Any CPU.Build.0 = Release|Any CPU
	EndGlobalSection
	GlobalSection(SolutionProperties) = preSolution
		HideSolutionNode = FALSE
	EndGlobalSection
EndGlobal
