
Microsoft Visual Studio Solution File, Format Version 12.00
# Visual Studio 14
VisualStudioVersion = 14.0.25420.1
MinimumVisualStudioVersion = 10.0.40219.1
Project("{FAE04EC0-301F-11D3-BF4B-00C04F79EFBC}") = "Quiz.Web", "Quiz.Web\Quiz.Web.csproj", "{CCAB4D04-9F0B-4FCF-AD01-2DF66AA10A99}"
EndProject
Project("{FAE04EC0-301F-11D3-BF4B-00C04F79EFBC}") = "Quiz.DataAccess.InMemory", "Quiz.DataAccess\Quiz.DataAccess.InMemory.csproj", "{1F2A31E3-15C3-4B35-B676-3DAFB308A85A}"
EndProject
Project("{FAE04EC0-301F-11D3-BF4B-00C04F79EFBC}") = "Quiz.Core", "QuizApp.Core\Quiz.Core.csproj", "{2DBAB805-E02D-495A-B8EF-4356AF285E60}"
EndProject
Project("{FAE04EC0-301F-11D3-BF4B-00C04F79EFBC}") = "Quiz.DataAccess.Abstractions", "Quiz.DataAccess.Abstractions\Quiz.DataAccess.Abstractions.csproj", "{C4F71F86-894C-45DF-9E2C-F334B09C2098}"
EndProject
Project("{FAE04EC0-301F-11D3-BF4B-00C04F79EFBC}") = "Quiz.DataAccess.Ef", "Quiz.DataAccess.Ef\Quiz.DataAccess.Ef.csproj", "{6E2263E6-BA61-41A3-A869-8C0ADF15BD81}"
EndProject
Project("{2150E333-8FDC-42A3-9474-1A3956D46DE8}") = "10 - Application", "10 - Application", "{CC662C68-6B0B-452A-A54C-D0DCBF90BC31}"
EndProject
Project("{2150E333-8FDC-42A3-9474-1A3956D46DE8}") = "99 - Deploy", "99 - Deploy", "{3D6BBB5B-A4A6-4D2B-9C6F-A9C0818BC9DD}"
	ProjectSection(SolutionItems) = preProject
		..\..\deploy\azuredeploy.json = ..\..\deploy\azuredeploy.json
		..\..\deploy\azuredeploy.parameters.json = ..\..\deploy\azuredeploy.parameters.json
		..\..\deploy\deploy.ps1 = ..\..\deploy\deploy.ps1
	EndProjectSection
EndProject
Project("{2150E333-8FDC-42A3-9474-1A3956D46DE8}") = "20 - Domain", "20 - Domain", "{DBA455D6-EEE6-4A3F-97A6-60DA314D7772}"
EndProject
Project("{2150E333-8FDC-42A3-9474-1A3956D46DE8}") = "30 - Infrastructure", "30 - Infrastructure", "{45C52119-7AB2-498B-84DD-560BCEC223BD}"
EndProject
Project("{2150E333-8FDC-42A3-9474-1A3956D46DE8}") = "80 - Example files", "80 - Example files", "{56B398E3-A0C6-4977-8D1B-3C99678830DF}"
	ProjectSection(SolutionItems) = preProject
		Diploma.json = Diploma.json
	EndProjectSection
EndProject
Project("{2150E333-8FDC-42A3-9474-1A3956D46DE8}") = "40 - Workflow", "40 - Workflow", "{807152C1-F5B3-4881-B04D-D9BFD989C027}"
EndProject
Project("{2150E333-8FDC-42A3-9474-1A3956D46DE8}") = "50 - Functions", "50 - Functions", "{20693B97-281C-4A9C-B85E-0673F0034FA0}"
EndProject
Global
	GlobalSection(SolutionConfigurationPlatforms) = preSolution
		Debug|Any CPU = Debug|Any CPU
		Release|Any CPU = Release|Any CPU
	EndGlobalSection
	GlobalSection(ProjectConfigurationPlatforms) = postSolution
		{CCAB4D04-9F0B-4FCF-AD01-2DF66AA10A99}.Debug|Any CPU.ActiveCfg = Debug|Any CPU
		{CCAB4D04-9F0B-4FCF-AD01-2DF66AA10A99}.Debug|Any CPU.Build.0 = Debug|Any CPU
		{CCAB4D04-9F0B-4FCF-AD01-2DF66AA10A99}.Release|Any CPU.ActiveCfg = Release|Any CPU
		{CCAB4D04-9F0B-4FCF-AD01-2DF66AA10A99}.Release|Any CPU.Build.0 = Release|Any CPU
		{1F2A31E3-15C3-4B35-B676-3DAFB308A85A}.Debug|Any CPU.ActiveCfg = Debug|Any CPU
		{1F2A31E3-15C3-4B35-B676-3DAFB308A85A}.Debug|Any CPU.Build.0 = Debug|Any CPU
		{1F2A31E3-15C3-4B35-B676-3DAFB308A85A}.Release|Any CPU.ActiveCfg = Release|Any CPU
		{1F2A31E3-15C3-4B35-B676-3DAFB308A85A}.Release|Any CPU.Build.0 = Release|Any CPU
		{2DBAB805-E02D-495A-B8EF-4356AF285E60}.Debug|Any CPU.ActiveCfg = Debug|Any CPU
		{2DBAB805-E02D-495A-B8EF-4356AF285E60}.Debug|Any CPU.Build.0 = Debug|Any CPU
		{2DBAB805-E02D-495A-B8EF-4356AF285E60}.Release|Any CPU.ActiveCfg = Release|Any CPU
		{2DBAB805-E02D-495A-B8EF-4356AF285E60}.Release|Any CPU.Build.0 = Release|Any CPU
		{C4F71F86-894C-45DF-9E2C-F334B09C2098}.Debug|Any CPU.ActiveCfg = Debug|Any CPU
		{C4F71F86-894C-45DF-9E2C-F334B09C2098}.Debug|Any CPU.Build.0 = Debug|Any CPU
		{C4F71F86-894C-45DF-9E2C-F334B09C2098}.Release|Any CPU.ActiveCfg = Release|Any CPU
		{C4F71F86-894C-45DF-9E2C-F334B09C2098}.Release|Any CPU.Build.0 = Release|Any CPU
		{6E2263E6-BA61-41A3-A869-8C0ADF15BD81}.Debug|Any CPU.ActiveCfg = Debug|Any CPU
		{6E2263E6-BA61-41A3-A869-8C0ADF15BD81}.Debug|Any CPU.Build.0 = Debug|Any CPU
		{6E2263E6-BA61-41A3-A869-8C0ADF15BD81}.Release|Any CPU.ActiveCfg = Release|Any CPU
		{6E2263E6-BA61-41A3-A869-8C0ADF15BD81}.Release|Any CPU.Build.0 = Release|Any CPU
	EndGlobalSection
	GlobalSection(SolutionProperties) = preSolution
		HideSolutionNode = FALSE
	EndGlobalSection
	GlobalSection(NestedProjects) = preSolution
		{CCAB4D04-9F0B-4FCF-AD01-2DF66AA10A99} = {CC662C68-6B0B-452A-A54C-D0DCBF90BC31}
		{1F2A31E3-15C3-4B35-B676-3DAFB308A85A} = {45C52119-7AB2-498B-84DD-560BCEC223BD}
		{2DBAB805-E02D-495A-B8EF-4356AF285E60} = {DBA455D6-EEE6-4A3F-97A6-60DA314D7772}
		{C4F71F86-894C-45DF-9E2C-F334B09C2098} = {45C52119-7AB2-498B-84DD-560BCEC223BD}
		{6E2263E6-BA61-41A3-A869-8C0ADF15BD81} = {45C52119-7AB2-498B-84DD-560BCEC223BD}
	EndGlobalSection
EndGlobal
